github.com/chzyer/logex v1.2.0/go.mod h1:9+9sk7u7pGNWYMkh0hdiL++6OeibzJccyQU4p4MedaY=
github.com/chzyer/readline v1.5.0 h1:lSwwFrbNviGePhkewF1az4oLmcwqCZijQ2/Wi3BGHAI=
github.com/chzyer/readline v1.5.0/go.mod h1:x22KAscuvRqlLoK9CsoYsmxoXZMMFVyOl86cAH8qUic=
github.com/chzyer/test v0.0.0-20210722231415-061457976a23/go.mod h1:Q3SI9o4m/ZMnBNeIyt5eFwwo7qiLfzFZmjNmxjkiQlU=
github.com/google/pprof v0.0.0-20220520215854-d04f2422c8a1 h1:K4bn56FHdjFCfjSo3wWaD6rJL8r9yvmmncJNMhdkKrw=
github.com/google/pprof v0.0.0-20220520215854-d04f2422c8a1/go.mod h1:gSuNB+gJaOiQKLEZ+q+PK9Mq3SOzhRcw2GsGS/FhYDk=
github.com/ianlancetaylor/demangle v0.0.0-20220517205856-0058ec4f073c h1:rwmN+hgiyp8QyBqzdEX43lTjKAxaqCrYHaU5op5P9J8=
github.com/ianlancetaylor/demangle v0.0.0-20220517205856-0058ec4f073c/go.mod h1:aYm2/VgdVmcIU8iMfdMvDMsRAQjcfZSKFby6HOFvi/w=
golang.org/x/sys v0.0.0-20220310020820-b874c991c1a5/go.mod h1:oPkhp1MJrh7nUepCBck5+mAzfO9JrbApNNgaTdGDITg=
golang.org/x/sys v0.0.0-20220520151302-bc2c85ada10a h1:dGzPydgVsqGcTRVwiLJ1jVbufYwmzD3LfVPLKsKg+0k=
golang.org/x/sys v0.0.0-20220520151302-bc2c85ada10a/go.mod h1:oPkhp1MJrh7nUepCBck5+mAzfO9JrbApNNgaTdGDITg=
